
Microsoft Visual Studio Solution File, Format Version 12.00
# Visual Studio Version 17
VisualStudioVersion = 17.2.32616.157
MinimumVisualStudioVersion = 10.0.40219.1
Project("{8BC9CEB8-8B4A-11D0-8D11-00A0C91BC942}") = "appSort", "appSort\appSort.vcxproj", "{AA5A728C-A72E-4F4C-83D9-1EC6321E68F4}"
EndProject
Project("{8BC9CEB8-8B4A-11D0-8D11-00A0C91BC942}") = "bubbleSort", "bubbleSort\bubbleSort.vcxproj", "{E98E0F84-9E6D-48B5-9F89-ACAB2ABDC1EE}"
EndProject
Project("{8BC9CEB8-8B4A-11D0-8D11-00A0C91BC942}") = "quickSort", "quickSort\quickSort.vcxproj", "{71DFD433-E28C-4194-84EE-D8BCC1649252}"
EndProject
Project("{8BC9CEB8-8B4A-11D0-8D11-00A0C91BC942}") = "selectSort", "selectSort\selectSort.vcxproj", "{6E1BDF27-804D-4937-B570-1176497E51C2}"
EndProject
Global
	GlobalSection(SolutionConfigurationPlatforms) = preSolution
		Debug|x64 = Debug|x64
		Debug|x86 = Debug|x86
		Release|x64 = Release|x64
		Release|x86 = Release|x86
	EndGlobalSection
	GlobalSection(ProjectConfigurationPlatforms) = postSolution
		{AA5A728C-A72E-4F4C-83D9-1EC6321E68F4}.Debug|x64.ActiveCfg = Debug|x64
		{AA5A728C-A72E-4F4C-83D9-1EC6321E68F4}.Debug|x64.Build.0 = Debug|x64
		{AA5A728C-A72E-4F4C-83D9-1EC6321E68F4}.Debug|x86.ActiveCfg = Debug|Win32
		{AA5A728C-A72E-4F4C-83D9-1EC6321E68F4}.Debug|x86.Build.0 = Debug|Win32
		{AA5A728C-A72E-4F4C-83D9-1EC6321E68F4}.Release|x64.ActiveCfg = Release|x64
		{AA5A728C-A72E-4F4C-83D9-1EC6321E68F4}.Release|x64.Build.0 = Release|x64
		{AA5A728C-A72E-4F4C-83D9-1EC6321E68F4}.Release|x86.ActiveCfg = Release|Win32
		{AA5A728C-A72E-4F4C-83D9-1EC6321E68F4}.Release|x86.Build.0 = Release|Win32
		{E98E0F84-9E6D-48B5-9F89-ACAB2ABDC1EE}.Debug|x64.ActiveCfg = Debug|x64
		{E98E0F84-9E6D-48B5-9F89-ACAB2ABDC1EE}.Debug|x64.Build.0 = Debug|x64
		{E98E0F84-9E6D-48B5-9F89-ACAB2ABDC1EE}.Debug|x86.ActiveCfg = Debug|Win32
		{E98E0F84-9E6D-48B5-9F89-ACAB2ABDC1EE}.Debug|x86.Build.0 = Debug|Win32
		{E98E0F84-9E6D-48B5-9F89-ACAB2ABDC1EE}.Release|x64.ActiveCfg = Release|x64
		{E98E0F84-9E6D-48B5-9F89-ACAB2ABDC1EE}.Release|x64.Build.0 = Release|x64
		{E98E0F84-9E6D-48B5-9F89-ACAB2ABDC1EE}.Release|x86.ActiveCfg = Release|Win32
		{E98E0F84-9E6D-48B5-9F89-ACAB2ABDC1EE}.Release|x86.Build.0 = Release|Win32
		{71DFD433-E28C-4194-84EE-D8BCC1649252}.Debug|x64.ActiveCfg = Debug|x64
		{71DFD433-E28C-4194-84EE-D8BCC1649252}.Debug|x64.Build.0 = Debug|x64
		{71DFD433-E28C-4194-84EE-D8BCC1649252}.Debug|x86.ActiveCfg = Debug|Win32
		{71DFD433-E28C-4194-84EE-D8BCC1649252}.Debug|x86.Build.0 = Debug|Win32
		{71DFD433-E28C-4194-84EE-D8BCC1649252}.Release|x64.ActiveCfg = Release|x64
		{71DFD433-E28C-4194-84EE-D8BCC1649252}.Release|x64.Build.0 = Release|x64
		{71DFD433-E28C-4194-84EE-D8BCC1649252}.Release|x86.ActiveCfg = Release|Win32
		{71DFD433-E28C-4194-84EE-D8BCC1649252}.Release|x86.Build.0 = Release|Win32
		{6E1BDF27-804D-4937-B570-1176497E51C2}.Debug|x64.ActiveCfg = Debug|x64
		{6E1BDF27-804D-4937-B570-1176497E51C2}.Debug|x64.Build.0 = Debug|x64
		{6E1BDF27-804D-4937-B570-1176497E51C2}.Debug|x86.ActiveCfg = Debug|Win32
		{6E1BDF27-804D-4937-B570-1176497E51C2}.Debug|x86.Build.0 = Debug|Win32
		{6E1BDF27-804D-4937-B570-1176497E51C2}.Release|x64.ActiveCfg = Release|x64
		{6E1BDF27-804D-4937-B570-1176497E51C2}.Release|x64.Build.0 = Release|x64
		{6E1BDF27-804D-4937-B570-1176497E51C2}.Release|x86.ActiveCfg = Release|Win32
		{6E1BDF27-804D-4937-B570-1176497E51C2}.Release|x86.Build.0 = Release|Win32
	EndGlobalSection
	GlobalSection(SolutionProperties) = preSolution
		HideSolutionNode = FALSE
	EndGlobalSection
	GlobalSection(ExtensibilityGlobals) = postSolution
		SolutionGuid = {826876D0-112E-4ED3-B8B6-BC319A99089E}
	EndGlobalSection
EndGlobal
